
Microsoft Visual Studio Solution File, Format Version 12.00
# Visual Studio 15
VisualStudioVersion = 15.0.26730.16
MinimumVisualStudioVersion = 10.0.40219.1
Project("{FAE04EC0-301F-11D3-BF4B-00C04F79EFBC}") = "ThumbnailSharp.Cli", "ThumbnailSharp.Cli\ThumbnailSharp.Cli.csproj", "{6B474067-F2FC-424F-B6D7-4A152482ABED}"
EndProject
Project("{FAE04EC0-301F-11D3-BF4B-00C04F79EFBC}") = "ThumbnailSharp.Gui", "ThumbnailSharp.Gui\ThumbnailSharp.Gui.csproj", "{0A8F8716-6E72-45CC-ADDB-4C5FD2D07744}"
EndProject
Project("{54435603-DBB4-11D2-8724-00A0C9A8B90C}") = "ThumbnailSharp.Clients", "ThumbnailSharp.Clients\ThumbnailSharp.Clients.vdproj", "{C463A08B-9D51-4770-A13C-D0B84B887B85}"
EndProject
Project("{FAE04EC0-301F-11D3-BF4B-00C04F79EFBC}") = "AllSamples", "AllSamples\AllSamples.csproj", "{5EEAF4AD-719E-43E2-9E8A-183413B276B9}"
EndProject
Global
	GlobalSection(SolutionConfigurationPlatforms) = preSolution
		Debug|Any CPU = Debug|Any CPU
		Release|Any CPU = Release|Any CPU
	EndGlobalSection
	GlobalSection(ProjectConfigurationPlatforms) = postSolution
		{6B474067-F2FC-424F-B6D7-4A152482ABED}.Debug|Any CPU.ActiveCfg = Debug|Any CPU
		{6B474067-F2FC-424F-B6D7-4A152482ABED}.Debug|Any CPU.Build.0 = Debug|Any CPU
		{6B474067-F2FC-424F-B6D7-4A152482ABED}.Release|Any CPU.ActiveCfg = Release|Any CPU
		{6B474067-F2FC-424F-B6D7-4A152482ABED}.Release|Any CPU.Build.0 = Release|Any CPU
		{0A8F8716-6E72-45CC-ADDB-4C5FD2D07744}.Debug|Any CPU.ActiveCfg = Debug|Any CPU
		{0A8F8716-6E72-45CC-ADDB-4C5FD2D07744}.Debug|Any CPU.Build.0 = Debug|Any CPU
		{0A8F8716-6E72-45CC-ADDB-4C5FD2D07744}.Release|Any CPU.ActiveCfg = Release|Any CPU
		{0A8F8716-6E72-45CC-ADDB-4C5FD2D07744}.Release|Any CPU.Build.0 = Release|Any CPU
		{C463A08B-9D51-4770-A13C-D0B84B887B85}.Debug|Any CPU.ActiveCfg = Debug
		{C463A08B-9D51-4770-A13C-D0B84B887B85}.Release|Any CPU.ActiveCfg = Release
		{5EEAF4AD-719E-43E2-9E8A-183413B276B9}.Debug|Any CPU.ActiveCfg = Debug|Any CPU
		{5EEAF4AD-719E-43E2-9E8A-183413B276B9}.Debug|Any CPU.Build.0 = Debug|Any CPU
		{5EEAF4AD-719E-43E2-9E8A-183413B276B9}.Release|Any CPU.ActiveCfg = Release|Any CPU
		{5EEAF4AD-719E-43E2-9E8A-183413B276B9}.Release|Any CPU.Build.0 = Release|Any CPU
	EndGlobalSection
	GlobalSection(SolutionProperties) = preSolution
		HideSolutionNode = FALSE
	EndGlobalSection
	GlobalSection(ExtensibilityGlobals) = postSolution
		SolutionGuid = {096D6712-7F34-4544-AF31-B64BEEEEAD8B}
	EndGlobalSection
EndGlobal
